Microsoft Visual Studio Solution File, Format Version 12.00
# Visual Studio Version 17
VisualStudioVersion = 17.5.2.0
MinimumVisualStudioVersion = 10.0.40219.1
Project("{FAE04EC0-301F-11D3-BF4B-00C04F79EFBC}") = "csharp-2-calculation-6", "csharp-2-calculation-6.csproj", "{AC518614-384A-42D3-53BA-AD4B8C753988}"
EndProject
Global
	GlobalSection(SolutionConfigurationPlatforms) = preSolution
		Debug|Any CPU = Debug|Any CPU
		Release|Any CPU = Release|Any CPU
	EndGlobalSection
	GlobalSection(ProjectConfigurationPlatforms) = postSolution
		{AC518614-384A-42D3-53BA-AD4B8C753988}.Debug|Any CPU.ActiveCfg = Debug|Any CPU
		{AC518614-384A-42D3-53BA-AD4B8C753988}.Debug|Any CPU.Build.0 = Debug|Any CPU
		{AC518614-384A-42D3-53BA-AD4B8C753988}.Release|Any CPU.ActiveCfg = Release|Any CPU
		{AC518614-384A-42D3-53BA-AD4B8C753988}.Release|Any CPU.Build.0 = Release|Any CPU
	EndGlobalSection
	GlobalSection(SolutionProperties) = preSolution
		HideSolutionNode = FALSE
	EndGlobalSection
	GlobalSection(ExtensibilityGlobals) = postSolution
		SolutionGuid = {6CDB891E-6039-4B0A-AC87-3397412A279B}
	EndGlobalSection
EndGlobal
